// !$*UTF8*$!
{
	archiveVersion = 1;
	classes = {
	};
	objectVersion = 46;
	objects = {

/* Begin PBXBuildFile section */
		D45F80061B11F95A00F14D19 /* AppDelegate.swift in Sources */ = {isa = PBXBuildFile; fileRef = D45F80051B11F95A00F14D19 /* AppDelegate.swift */; };
		D45F80081B11F95A00F14D19 /* ViewController.swift in Sources */ = {isa = PBXBuildFile; fileRef = D45F80071B11F95A00F14D19 /* ViewController.swift */; };
		D45F800B1B11F95A00F14D19 /* Main.storyboard in Resources */ = {isa = PBXBuildFile; fileRef = D45F80091B11F95A00F14D19 /* Main.storyboard */; };
		D45F800D1B11F95A00F14D19 /* Images.xcassets in Resources */ = {isa = PBXBuildFile; fileRef = D45F800C1B11F95A00F14D19 /* Images.xcassets */; };
		D45F80101B11F95A00F14D19 /* LaunchScreen.xib in Resources */ = {isa = PBXBuildFile; fileRef = D45F800E1B11F95A00F14D19 /* LaunchScreen.xib */; };
		D45F801C1B11F95A00F14D19 /* Storyboard_ExampleTests.swift in Sources */ = {isa = PBXBuildFile; fileRef = D45F801B1B11F95A00F14D19 /* Storyboard_ExampleTests.swift */; };
/* End PBXBuildFile section */

/* Begin PBXContainerItemProxy section */
		D45F80161B11F95A00F14D19 /* PBXContainerItemProxy */ = {
			isa = PBXContainerItemProxy;
			containerPortal = D45F7FF81B11F95A00F14D19 /* Project object */;
			proxyType = 1;
			remoteGlobalIDString = D45F7FFF1B11F95A00F14D19;
			remoteInfo = "Storyboard Example";
		};
/* End PBXContainerItemProxy section */

/* Begin PBXFileReference section */
		D45F80001B11F95A00F14D19 /* Storyboard Example.app */ = {isa = PBXFileReference; explicitFileType = wrapper.application; includeInIndex = 0; path = "Storyboard Example.app"; sourceTree = BUILT_PRODUCTS_DIR; };
		D45F80041B11F95A00F14D19 /* Info.plist */ = {isa = PBXFileReference; lastKnownFileType = text.plist.xml; path = Info.plist; sourceTree = "<group>"; };
		D45F80051B11F95A00F14D19 /* AppDelegate.swift */ = {isa = PBXFileReference; lastKnownFileType = sourcecode.swift; path = AppDelegate.swift; sourceTree = "<group>"; };
		D45F80071B11F95A00F14D19 /* ViewController.swift */ = {isa = PBXFileReference; lastKnownFileType = sourcecode.swift; path = ViewController.swift; sourceTree = "<group>"; };
		D45F800A1B11F95A00F14D19 /* Base */ = {isa = PBXFileReference; lastKnownFileType = file.storyboard; name = Base; path = Base.lproj/Main.storyboard; sourceTree = "<group>"; };
		D45F800C1B11F95A00F14D19 /* Images.xcassets */ = {isa = PBXFileReference; lastKnownFileType = folder.assetcatalog; path = Images.xcassets; sourceTree = "<group>"; };
		D45F800F1B11F95A00F14D19 /* Base */ = {isa = PBXFileReference; lastKnownFileType = file.xib; name = Base; path = Base.lproj/LaunchScreen.xib; sourceTree = "<group>"; };
		D45F80151B11F95A00F14D19 /* Storyboard ExampleTests.xctest */ = {isa = PBXFileReference; explicitFileType = wrapper.cfbundle; includeInIndex = 0; path = "Storyboard ExampleTests.xctest"; sourceTree = BUILT_PRODUCTS_DIR; };
		D45F801A1B11F95A00F14D19 /* Info.plist */ = {isa = PBXFileReference; lastKnownFileType = text.plist.xml; path = Info.plist; sourceTree = "<group>"; };
		D45F801B1B11F95A00F14D19 /* Storyboard_ExampleTests.swift */ = {isa = PBXFileReference; lastKnownFileType = sourcecode.swift; path = Storyboard_ExampleTests.swift; sourceTree = "<group>"; };
/* End PBXFileReference section */

/* Begin PBXFrameworksBuildPhase section */
		D45F7FFD1B11F95A00F14D19 /* Frameworks */ = {
			isa = PBXFrameworksBuildPhase;
			buildActionMask = 2147483647;
			files = (
			);
			runOnlyForDeploymentPostprocessing = 0;
		};
		D45F80121B11F95A00F14D19 /* Frameworks */ = {
			isa = PBXFrameworksBuildPhase;
			buildActionMask = 2147483647;
			files = (
			);
			runOnlyForDeploymentPostprocessing = 0;
		};
/* End PBXFrameworksBuildPhase section */

/* Begin PBXGroup section */
		D45F7FF71B11F95A00F14D19 = {
			isa = PBXGroup;
			children = (
				D45F80021B11F95A00F14D19 /* Storyboard Example */,
				D45F80181B11F95A00F14D19 /* Storyboard ExampleTests */,
				D45F80011B11F95A00F14D19 /* Products */,
			);
			sourceTree = "<group>";
		};
		D45F80011B11F95A00F14D19 /* Products */ = {
			isa = PBXGroup;
			children = (
				D45F80001B11F95A00F14D19 /* Storyboard Example.app */,
				D45F80151B11F95A00F14D19 /* Storyboard ExampleTests.xctest */,
			);
			name = Products;
			sourceTree = "<group>";
		};
		D45F80021B11F95A00F14D19 /* Storyboard Example */ = {
			isa = PBXGroup;
			children = (
				D45F80051B11F95A00F14D19 /* AppDelegate.swift */,
				D45F80071B11F95A00F14D19 /* ViewController.swift */,
				D45F80091B11F95A00F14D19 /* Main.storyboard */,
				D45F800C1B11F95A00F14D19 /* Images.xcassets */,
				D45F800E1B11F95A00F14D19 /* LaunchScreen.xib */,
				D45F80031B11F95A00F14D19 /* Supporting Files */,
			);
			path = "Storyboard Example";
			sourceTree = "<group>";
		};
		D45F80031B11F95A00F14D19 /* Supporting Files */ = {
			isa = PBXGroup;
			children = (
				D45F80041B11F95A00F14D19 /* Info.plist */,
			);
			name = "Supporting Files";
			sourceTree = "<group>";
		};
		D45F80181B11F95A00F14D19 /* Storyboard ExampleTests */ = {
			isa = PBXGroup;
			children = (
				D45F801B1B11F95A00F14D19 /* Storyboard_ExampleTests.swift */,
				D45F80191B11F95A00F14D19 /* Supporting Files */,
			);
			path = "Storyboard ExampleTests";
			sourceTree = "<group>";
		};
		D45F80191B11F95A00F14D19 /* Supporting Files */ = {
			isa = PBXGroup;
			children = (
				D45F801A1B11F95A00F14D19 /* Info.plist */,
			);
			name = "Supporting Files";
			sourceTree = "<group>";
		};
/* End PBXGroup section */

/* Begin PBXNativeTarget section */
		D45F7FFF1B11F95A00F14D19 /* Storyboard Example */ = {
			isa = PBXNativeTarget;
			buildConfigurationList = D45F801F1B11F95A00F14D19 /* Build configuration list for PBXNativeTarget "Storyboard Example" */;
			buildPhases = (
				D45F7FFC1B11F95A00F14D19 /* Sources */,
				D45F7FFD1B11F95A00F14D19 /* Frameworks */,
				D45F7FFE1B11F95A00F14D19 /* Resources */,
			);
			buildRules = (
			);
			dependencies = (
			);
			name = "Storyboard Example";
			productName = "Storyboard Example";
			productReference = D45F80001B11F95A00F14D19 /* Storyboard Example.app */;
			productType = "com.apple.product-type.application";
		};
		D45F80141B11F95A00F14D19 /* Storyboard ExampleTests */ = {
			isa = PBXNativeTarget;
			buildConfigurationList = D45F80221B11F95A00F14D19 /* Build configuration list for PBXNativeTarget "Storyboard ExampleTests" */;
			buildPhases = (
				D45F80111B11F95A00F14D19 /* Sources */,
				D45F80121B11F95A00F14D19 /* Frameworks */,
				D45F80131B11F95A00F14D19 /* Resources */,
			);
			buildRules = (
			);
			dependencies = (
				D45F80171B11F95A00F14D19 /* PBXTargetDependency */,
			);
			name = "Storyboard ExampleTests";
			productName = "Storyboard ExampleTests";
			productReference = D45F80151B11F95A00F14D19 /* Storyboard ExampleTests.xctest */;
			productType = "com.apple.product-type.bundle.unit-test";
		};
/* End PBXNativeTarget section */

/* Begin PBXProject section */
		D45F7FF81B11F95A00F14D19 /* Project object */ = {
			isa = PBXProject;
			attributes = {
				LastUpgradeCheck = 0630;
				ORGANIZATIONNAME = "David Aghassi";
				TargetAttributes = {
					D45F7FFF1B11F95A00F14D19 = {
						CreatedOnToolsVersion = 6.3.2;
					};
					D45F80141B11F95A00F14D19 = {
						CreatedOnToolsVersion = 6.3.2;
						TestTargetID = D45F7FFF1B11F95A00F14D19;
					};
				};
			};
			buildConfigurationList = D45F7FFB1B11F95A00F14D19 /* Build configuration list for PBXProject "Storyboard Example" */;
			compatibilityVersion = "Xcode 3.2";
			developmentRegion = English;
			hasScannedForEncodings = 0;
			knownRegions = (
				en,
				Base,
			);
			mainGroup = D45F7FF71B11F95A00F14D19;
			productRefGroup = D45F80011B11F95A00F14D19 /* Products */;
			projectDirPath = "";
			projectRoot = "";
			targets = (
				D45F7FFF1B11F95A00F14D19 /* Storyboard Example */,
				D45F80141B11F95A00F14D19 /* Storyboard ExampleTests */,
			);
		};
/* End PBXProject section */

/* Begin PBXResourcesBuildPhase section */
		D45F7FFE1B11F95A00F14D19 /* Resources */ = {
			isa = PBXResourcesBuildPhase;
			buildActionMask = 2147483647;
			files = (
				D45F800B1B11F95A00F14D19 /* Main.storyboard in Resources */,
				D45F80101B11F95A00F14D19 /* LaunchScreen.xib in Resources */,
				D45F800D1B11F95A00F14D19 /* Images.xcassets in Resources */,
			);
			runOnlyForDeploymentPostprocessing = 0;
		};
		D45F80131B11F95A00F14D19 /* Resources */ = {
			isa = PBXResourcesBuildPhase;
			buildActionMask = 2147483647;
			files = (
			);
			runOnlyForDeploymentPostprocessing = 0;
		};
/* End PBXResourcesBuildPhase section */

/* Begin PBXSourcesBuildPhase section */
		D45F7FFC1B11F95A00F14D19 /* Sources */ = {
			isa = PBXSourcesBuildPhase;
			buildActionMask = 2147483647;
			files = (
				D45F80081B11F95A00F14D19 /* ViewController.swift in Sources */,
				D45F80061B11F95A00F14D19 /* AppDelegate.swift in Sources */,
			);
			runOnlyForDeploymentPostprocessing = 0;
		};
		D45F80111B11F95A00F14D19 /* Sources */ = {
			isa = PBXSourcesBuildPhase;
			buildActionMask = 2147483647;
			files = (
				D45F801C1B11F95A00F14D19 /* Storyboard_ExampleTests.swift in Sources */,
			);
			runOnlyForDeploymentPostprocessing = 0;
		};
/* End PBXSourcesBuildPhase section */

/* Begin PBXTargetDependency section */
		D45F80171B11F95A00F14D19 /* PBXTargetDependency */ = {
			isa = PBXTargetDependency;
			target = D45F7FFF1B11F95A00F14D19 /* Storyboard Example */;
			targetProxy = D45F80161B11F95A00F14D19 /* PBXContainerItemProxy */;
		};
/* End PBXTargetDependency section */

/* Begin PBXVariantGroup section */
		D45F80091B11F95A00F14D19 /* Main.storyboard */ = {
			isa = PBXVariantGroup;
			children = (
				D45F800A1B11F95A00F14D19 /* Base */,
			);
			name = Main.storyboard;
			sourceTree = "<group>";
		};
		D45F800E1B11F95A00F14D19 /* LaunchScreen.xib */ = {
			isa = PBXVariantGroup;
			children = (
				D45F800F1B11F95A00F14D19 /* Base */,
			);
			name = LaunchScreen.xib;
			sourceTree = "<group>";
		};
/* End PBXVariantGroup section */

/* Begin XCBuildConfiguration section */
		D45F801D1B11F95A00F14D19 /* Debug */ = {
			isa = XCBuildConfiguration;
			buildSettings = {
				ALWAYS_SEARCH_USER_PATHS = NO;
				CLANG_CXX_LANGUAGE_STANDARD = "gnu++0x";
				CLANG_CXX_LIBRARY = "libc++";
				CLANG_ENABLE_MODULES = YES;
				CLANG_ENABLE_OBJC_ARC = YES;
				CLANG_WARN_BOOL_CONVERSION = YES;
				CLANG_WARN_CONSTANT_CONVERSION = YES;
				CLANG_WARN_DIRECT_OBJC_ISA_USAGE = YES_ERROR;
				CLANG_WARN_EMPTY_BODY = YES;
				CLANG_WARN_ENUM_CONVERSION = YES;
				CLANG_WARN_INT_CONVERSION = YES;
				CLANG_WARN_OBJC_ROOT_CLASS = YES_ERROR;
				CLANG_WARN_UNREACHABLE_CODE = YES;
				CLANG_WARN__DUPLICATE_METHOD_MATCH = YES;
				"CODE_SIGN_IDENTITY[sdk=iphoneos*]" = "iPhone Developer";
				COPY_PHASE_STRIP = NO;
				DEBUG_INFORMATION_FORMAT = "dwarf-with-dsym";
				ENABLE_STRICT_OBJC_MSGSEND = YES;
				GCC_C_LANGUAGE_STANDARD = gnu99;
				GCC_DYNAMIC_NO_PIC = NO;
				GCC_NO_COMMON_BLOCKS = YES;
				GCC_OPTIMIZATION_LEVEL = 0;
				GCC_PREPROCESSOR_DEFINITIONS = (
					"DEBUG=1",
					"$(inherited)",
				);
				GCC_SYMBOLS_PRIVATE_EXTERN = NO;
				GCC_WARN_64_TO_32_BIT_CONVERSION = YES;
				GCC_WARN_ABOUT_RETURN_TYPE = YES_ERROR;
				GCC_WARN_UNDECLARED_SELECTOR = YES;
				GCC_WARN_UNINITIALIZED_AUTOS = YES_AGGRESSIVE;
				GCC_WARN_UNUSED_FUNCTION = YES;
				GCC_WARN_UNUSED_VARIABLE = YES;
				IPHONEOS_DEPLOYMENT_TARGET = 8.3;
				MTL_ENABLE_DEBUG_INFO = YES;
				ONLY_ACTIVE_ARCH = YES;
				SDKROOT = iphoneos;
				SWIFT_OPTIMIZATION_LEVEL = "-Onone";
			};
			name = Debug;
		};
		D45F801E1B11F95A00F14D19 /* Release */ = {
			isa = XCBuildConfiguration;
			buildSettings = {
				ALWAYS_SEARCH_USER_PATHS = NO;
				CLANG_CXX_LANGUAGE_STANDARD = "gnu++0x";
				CLANG_CXX_LIBRARY = "libc++";
				CLANG_ENABLE_MODULES = YES;
				CLANG_ENABLE_OBJC_ARC = YES;
				CLANG_WARN_BOOL_CONVERSION = YES;
				CLANG_WARN_CONSTANT_CONVERSION = YES;
				CLANG_WARN_DIRECT_OBJC_ISA_USAGE = YES_ERROR;
				CLANG_WARN_EMPTY_BODY = YES;
				CLANG_WARN_ENUM_CONVERSION = YES;
				CLANG_WARN_INT_CONVERSION = YES;
				CLANG_WARN_OBJC_ROOT_CLASS = YES_ERROR;
				CLANG_WARN_UNREACHABLE_CODE = YES;
				CLANG_WARN__DUPLICATE_METHOD_MATCH = YES;
				"CODE_SIGN_IDENTITY[sdk=iphoneos*]" = "iPhone Developer";
				COPY_PHASE_STRIP = NO;
				DEBUG_INFORMATION_FORMAT = "dwarf-with-dsym";
				ENABLE_NS_ASSERTIONS = NO;
				ENABLE_STRICT_OBJC_MSGSEND = YES;
				GCC_C_LANGUAGE_STANDARD = gnu99;
				GCC_NO_COMMON_BLOCKS = YES;
				GCC_WARN_64_TO_32_BIT_CONVERSION = YES;
				GCC_WARN_ABOUT_RETURN_TYPE = YES_ERROR;
				GCC_WARN_UNDECLARED_SELECTOR = YES;
				GCC_WARN_UNINITIALIZED_AUTOS = YES_AGGRESSIVE;
				GCC_WARN_UNUSED_FUNCTION = YES;
				GCC_WARN_UNUSED_VARIABLE = YES;
				IPHONEOS_DEPLOYMENT_TARGET = 8.3;
				MTL_ENABLE_DEBUG_INFO = NO;
				SDKROOT = iphoneos;
				VALIDATE_PRODUCT = YES;
			};
			name = Release;
		};
		D45F80201B11F95A00F14D19 /* Debug */ = {
			isa = XCBuildConfiguration;
			buildSettings = {
				ASSETCATALOG_COMPILER_APPICON_NAME = AppIcon;
				INFOPLIST_FILE = "Storyboard Example/Info.plist";
				LD_RUNPATH_SEARCH_PATHS = "$(inherited) @executable_path/Frameworks";
				PRODUCT_NAME = "$(TARGET_NAME)";
			};
			name = Debug;
		};
		D45F80211B11F95A00F14D19 /* Release */ = {
			isa = XCBuildConfiguration;
			buildSettings = {
				ASSETCATALOG_COMPILER_APPICON_NAME = AppIcon;
				INFOPLIST_FILE = "Storyboard Example/Info.plist";
				LD_RUNPATH_SEARCH_PATHS = "$(inherited) @executable_path/Frameworks";
				PRODUCT_NAME = "$(TARGET_NAME)";
			};
			name = Release;
		};
		D45F80231B11F95A00F14D19 /* Debug */ = {
			isa = XCBuildConfiguration;
			buildSettings = {
				BUNDLE_LOADER = "$(TEST_HOST)";
				FRAMEWORK_SEARCH_PATHS = (
					"$(SDKROOT)/Developer/Library/Frameworks",
					"$(inherited)",
				);
				GCC_PREPROCESSOR_DEFINITIONS = (
					"DEBUG=1",
					"$(inherited)",
				);
				INFOPLIST_FILE = "Storyboard ExampleTests/Info.plist";
				LD_RUNPATH_SEARCH_PATHS = "$(inherited) @executable_path/Frameworks @loader_path/Frameworks";
				PRODUCT_NAME = "$(TARGET_NAME)";
				TEST_HOST = "$(BUILT_PRODUCTS_DIR)/Storyboard Example.app/Storyboard Example";
			};
			name = Debug;
		};
		D45F80241B11F95A00F14D19 /* Release */ = {
			isa = XCBuildConfiguration;
			buildSettings = {
				BUNDLE_LOADER = "$(TEST_HOST)";
				FRAMEWORK_SEARCH_PATHS = (
					"$(SDKROOT)/Developer/Library/Frameworks",
					"$(inherited)",
				);
				INFOPLIST_FILE = "Storyboard ExampleTests/Info.plist";
				LD_RUNPATH_SEARCH_PATHS = "$(inherited) @executable_path/Frameworks @loader_path/Frameworks";
				PRODUCT_NAME = "$(TARGET_NAME)";
				TEST_HOST = "$(BUILT_PRODUCTS_DIR)/Storyboard Example.app/Storyboard Example";
			};
			name = Release;
		};
/* End XCBuildConfiguration section */

/* Begin XCConfigurationList section */
		D45F7FFB1B11F95A00F14D19 /* Build configuration list for PBXProject "Storyboard Example" */ = {
			isa = XCConfigurationList;
			buildConfigurations = (
				D45F801D1B11F95A00F14D19 /* Debug */,
				D45F801E1B11F95A00F14D19 /* Release */,
			);
			defaultConfigurationIsVisible = 0;
			defaultConfigurationName = Release;
		};
		D45F801F1B11F95A00F14D19 /* Build configuration list for PBXNativeTarget "Storyboard Example" */ = {
			isa = XCConfigurationList;
			buildConfigurations = (
				D45F80201B11F95A00F14D19 /* Debug */,
				D45F80211B11F95A00F14D19 /* Release */,
			);
			defaultConfigurationIsVisible = 0;
		};
		D45F80221B11F95A00F14D19 /* Build configuration list for PBXNativeTarget "Storyboard ExampleTests" */ = {
			isa = XCConfigurationList;
			buildConfigurations = (
				D45F80231B11F95A00F14D19 /* Debug */,
				D45F80241B11F95A00F14D19 /* Release */,
			);
			defaultConfigurationIsVisible = 0;
		};
/* End XCConfigurationList section */
	};
	rootObject = D45F7FF81B11F95A00F14D19 /* Project object */;
}
