// !$*UTF8*$!
{
	archiveVersion = 1;
	classes = {
	};
	objectVersion = 46;
	objects = {

/* Begin PBXBuildFile section */
		D466E23D1AFF7AA0005187AD /* AppDelegate.swift in Sources */ = {isa = PBXBuildFile; fileRef = D466E23C1AFF7AA0005187AD /* AppDelegate.swift */; };
		D466E23F1AFF7AA0005187AD /* ViewController.swift in Sources */ = {isa = PBXBuildFile; fileRef = D466E23E1AFF7AA0005187AD /* ViewController.swift */; };
		D466E2421AFF7AA0005187AD /* Main.storyboard in Resources */ = {isa = PBXBuildFile; fileRef = D466E2401AFF7AA0005187AD /* Main.storyboard */; };
		D466E2441AFF7AA0005187AD /* Images.xcassets in Resources */ = {isa = PBXBuildFile; fileRef = D466E2431AFF7AA0005187AD /* Images.xcassets */; };
		D466E2471AFF7AA0005187AD /* LaunchScreen.xib in Resources */ = {isa = PBXBuildFile; fileRef = D466E2451AFF7AA0005187AD /* LaunchScreen.xib */; };
		D466E2531AFF7AA0005187AD /* WhatDayTests.swift in Sources */ = {isa = PBXBuildFile; fileRef = D466E2521AFF7AA0005187AD /* WhatDayTests.swift */; };
/* End PBXBuildFile section */

/* Begin PBXContainerItemProxy section */
		D466E24D1AFF7AA0005187AD /* PBXContainerItemProxy */ = {
			isa = PBXContainerItemProxy;
			containerPortal = D466E22F1AFF7A9F005187AD /* Project object */;
			proxyType = 1;
			remoteGlobalIDString = D466E2361AFF7A9F005187AD;
			remoteInfo = WhatDay;
		};
/* End PBXContainerItemProxy section */

/* Begin PBXFileReference section */
		D466E2371AFF7AA0005187AD /* WhatDay.app */ = {isa = PBXFileReference; explicitFileType = wrapper.application; includeInIndex = 0; path = WhatDay.app; sourceTree = BUILT_PRODUCTS_DIR; };
		D466E23B1AFF7AA0005187AD /* Info.plist */ = {isa = PBXFileReference; lastKnownFileType = text.plist.xml; path = Info.plist; sourceTree = "<group>"; };
		D466E23C1AFF7AA0005187AD /* AppDelegate.swift */ = {isa = PBXFileReference; lastKnownFileType = sourcecode.swift; path = AppDelegate.swift; sourceTree = "<group>"; };
		D466E23E1AFF7AA0005187AD /* ViewController.swift */ = {isa = PBXFileReference; lastKnownFileType = sourcecode.swift; path = ViewController.swift; sourceTree = "<group>"; };
		D466E2411AFF7AA0005187AD /* Base */ = {isa = PBXFileReference; lastKnownFileType = file.storyboard; name = Base; path = Base.lproj/Main.storyboard; sourceTree = "<group>"; };
		D466E2431AFF7AA0005187AD /* Images.xcassets */ = {isa = PBXFileReference; lastKnownFileType = folder.assetcatalog; path = Images.xcassets; sourceTree = "<group>"; };
		D466E2461AFF7AA0005187AD /* Base */ = {isa = PBXFileReference; lastKnownFileType = file.xib; name = Base; path = Base.lproj/LaunchScreen.xib; sourceTree = "<group>"; };
		D466E24C1AFF7AA0005187AD /* WhatDayTests.xctest */ = {isa = PBXFileReference; explicitFileType = wrapper.cfbundle; includeInIndex = 0; path = WhatDayTests.xctest; sourceTree = BUILT_PRODUCTS_DIR; };
		D466E2511AFF7AA0005187AD /* Info.plist */ = {isa = PBXFileReference; lastKnownFileType = text.plist.xml; path = Info.plist; sourceTree = "<group>"; };
		D466E2521AFF7AA0005187AD /* WhatDayTests.swift */ = {isa = PBXFileReference; lastKnownFileType = sourcecode.swift; path = WhatDayTests.swift; sourceTree = "<group>"; };
/* End PBXFileReference section */

/* Begin PBXFrameworksBuildPhase section */
		D466E2341AFF7A9F005187AD /* Frameworks */ = {
			isa = PBXFrameworksBuildPhase;
			buildActionMask = 2147483647;
			files = (
			);
			runOnlyForDeploymentPostprocessing = 0;
		};
		D466E2491AFF7AA0005187AD /* Frameworks */ = {
			isa = PBXFrameworksBuildPhase;
			buildActionMask = 2147483647;
			files = (
			);
			runOnlyForDeploymentPostprocessing = 0;
		};
/* End PBXFrameworksBuildPhase section */

/* Begin PBXGroup section */
		D466E22E1AFF7A9F005187AD = {
			isa = PBXGroup;
			children = (
				D466E2391AFF7AA0005187AD /* WhatDay */,
				D466E24F1AFF7AA0005187AD /* WhatDayTests */,
				D466E2381AFF7AA0005187AD /* Products */,
			);
			sourceTree = "<group>";
		};
		D466E2381AFF7AA0005187AD /* Products */ = {
			isa = PBXGroup;
			children = (
				D466E2371AFF7AA0005187AD /* WhatDay.app */,
				D466E24C1AFF7AA0005187AD /* WhatDayTests.xctest */,
			);
			name = Products;
			sourceTree = "<group>";
		};
		D466E2391AFF7AA0005187AD /* WhatDay */ = {
			isa = PBXGroup;
			children = (
				D466E23C1AFF7AA0005187AD /* AppDelegate.swift */,
				D466E23E1AFF7AA0005187AD /* ViewController.swift */,
				D466E2401AFF7AA0005187AD /* Main.storyboard */,
				D466E2431AFF7AA0005187AD /* Images.xcassets */,
				D466E2451AFF7AA0005187AD /* LaunchScreen.xib */,
				D466E23A1AFF7AA0005187AD /* Supporting Files */,
			);
			path = WhatDay;
			sourceTree = "<group>";
		};
		D466E23A1AFF7AA0005187AD /* Supporting Files */ = {
			isa = PBXGroup;
			children = (
				D466E23B1AFF7AA0005187AD /* Info.plist */,
			);
			name = "Supporting Files";
			sourceTree = "<group>";
		};
		D466E24F1AFF7AA0005187AD /* WhatDayTests */ = {
			isa = PBXGroup;
			children = (
				D466E2521AFF7AA0005187AD /* WhatDayTests.swift */,
				D466E2501AFF7AA0005187AD /* Supporting Files */,
			);
			path = WhatDayTests;
			sourceTree = "<group>";
		};
		D466E2501AFF7AA0005187AD /* Supporting Files */ = {
			isa = PBXGroup;
			children = (
				D466E2511AFF7AA0005187AD /* Info.plist */,
			);
			name = "Supporting Files";
			sourceTree = "<group>";
		};
/* End PBXGroup section */

/* Begin PBXNativeTarget section */
		D466E2361AFF7A9F005187AD /* WhatDay */ = {
			isa = PBXNativeTarget;
			buildConfigurationList = D466E2561AFF7AA0005187AD /* Build configuration list for PBXNativeTarget "WhatDay" */;
			buildPhases = (
				D466E2331AFF7A9F005187AD /* Sources */,
				D466E2341AFF7A9F005187AD /* Frameworks */,
				D466E2351AFF7A9F005187AD /* Resources */,
			);
			buildRules = (
			);
			dependencies = (
			);
			name = WhatDay;
			productName = WhatDay;
			productReference = D466E2371AFF7AA0005187AD /* WhatDay.app */;
			productType = "com.apple.product-type.application";
		};
		D466E24B1AFF7AA0005187AD /* WhatDayTests */ = {
			isa = PBXNativeTarget;
			buildConfigurationList = D466E2591AFF7AA0005187AD /* Build configuration list for PBXNativeTarget "WhatDayTests" */;
			buildPhases = (
				D466E2481AFF7AA0005187AD /* Sources */,
				D466E2491AFF7AA0005187AD /* Frameworks */,
				D466E24A1AFF7AA0005187AD /* Resources */,
			);
			buildRules = (
			);
			dependencies = (
				D466E24E1AFF7AA0005187AD /* PBXTargetDependency */,
			);
			name = WhatDayTests;
			productName = WhatDayTests;
			productReference = D466E24C1AFF7AA0005187AD /* WhatDayTests.xctest */;
			productType = "com.apple.product-type.bundle.unit-test";
		};
/* End PBXNativeTarget section */

/* Begin PBXProject section */
		D466E22F1AFF7A9F005187AD /* Project object */ = {
			isa = PBXProject;
			attributes = {
				LastUpgradeCheck = 0630;
				ORGANIZATIONNAME = "David Aghassi";
				TargetAttributes = {
					D466E2361AFF7A9F005187AD = {
						CreatedOnToolsVersion = 6.3.1;
					};
					D466E24B1AFF7AA0005187AD = {
						CreatedOnToolsVersion = 6.3.1;
						TestTargetID = D466E2361AFF7A9F005187AD;
					};
				};
			};
			buildConfigurationList = D466E2321AFF7A9F005187AD /* Build configuration list for PBXProject "WhatDay" */;
			compatibilityVersion = "Xcode 3.2";
			developmentRegion = English;
			hasScannedForEncodings = 0;
			knownRegions = (
				en,
				Base,
			);
			mainGroup = D466E22E1AFF7A9F005187AD;
			productRefGroup = D466E2381AFF7AA0005187AD /* Products */;
			projectDirPath = "";
			projectRoot = "";
			targets = (
				D466E2361AFF7A9F005187AD /* WhatDay */,
				D466E24B1AFF7AA0005187AD /* WhatDayTests */,
			);
		};
/* End PBXProject section */

/* Begin PBXResourcesBuildPhase section */
		D466E2351AFF7A9F005187AD /* Resources */ = {
			isa = PBXResourcesBuildPhase;
			buildActionMask = 2147483647;
			files = (
				D466E2421AFF7AA0005187AD /* Main.storyboard in Resources */,
				D466E2471AFF7AA0005187AD /* LaunchScreen.xib in Resources */,
				D466E2441AFF7AA0005187AD /* Images.xcassets in Resources */,
			);
			runOnlyForDeploymentPostprocessing = 0;
		};
		D466E24A1AFF7AA0005187AD /* Resources */ = {
			isa = PBXResourcesBuildPhase;
			buildActionMask = 2147483647;
			files = (
			);
			runOnlyForDeploymentPostprocessing = 0;
		};
/* End PBXResourcesBuildPhase section */

/* Begin PBXSourcesBuildPhase section */
		D466E2331AFF7A9F005187AD /* Sources */ = {
			isa = PBXSourcesBuildPhase;
			buildActionMask = 2147483647;
			files = (
				D466E23F1AFF7AA0005187AD /* ViewController.swift in Sources */,
				D466E23D1AFF7AA0005187AD /* AppDelegate.swift in Sources */,
			);
			runOnlyForDeploymentPostprocessing = 0;
		};
		D466E2481AFF7AA0005187AD /* Sources */ = {
			isa = PBXSourcesBuildPhase;
			buildActionMask = 2147483647;
			files = (
				D466E2531AFF7AA0005187AD /* WhatDayTests.swift in Sources */,
			);
			runOnlyForDeploymentPostprocessing = 0;
		};
/* End PBXSourcesBuildPhase section */

/* Begin PBXTargetDependency section */
		D466E24E1AFF7AA0005187AD /* PBXTargetDependency */ = {
			isa = PBXTargetDependency;
			target = D466E2361AFF7A9F005187AD /* WhatDay */;
			targetProxy = D466E24D1AFF7AA0005187AD /* PBXContainerItemProxy */;
		};
/* End PBXTargetDependency section */

/* Begin PBXVariantGroup section */
		D466E2401AFF7AA0005187AD /* Main.storyboard */ = {
			isa = PBXVariantGroup;
			children = (
				D466E2411AFF7AA0005187AD /* Base */,
			);
			name = Main.storyboard;
			sourceTree = "<group>";
		};
		D466E2451AFF7AA0005187AD /* LaunchScreen.xib */ = {
			isa = PBXVariantGroup;
			children = (
				D466E2461AFF7AA0005187AD /* Base */,
			);
			name = LaunchScreen.xib;
			sourceTree = "<group>";
		};
/* End PBXVariantGroup section */

/* Begin XCBuildConfiguration section */
		D466E2541AFF7AA0005187AD /* Debug */ = {
			isa = XCBuildConfiguration;
			buildSettings = {
				ALWAYS_SEARCH_USER_PATHS = NO;
				CLANG_CXX_LANGUAGE_STANDARD = "gnu++0x";
				CLANG_CXX_LIBRARY = "libc++";
				CLANG_ENABLE_MODULES = YES;
				CLANG_ENABLE_OBJC_ARC = YES;
				CLANG_WARN_BOOL_CONVERSION = YES;
				CLANG_WARN_CONSTANT_CONVERSION = YES;
				CLANG_WARN_DIRECT_OBJC_ISA_USAGE = YES_ERROR;
				CLANG_WARN_EMPTY_BODY = YES;
				CLANG_WARN_ENUM_CONVERSION = YES;
				CLANG_WARN_INT_CONVERSION = YES;
				CLANG_WARN_OBJC_ROOT_CLASS = YES_ERROR;
				CLANG_WARN_UNREACHABLE_CODE = YES;
				CLANG_WARN__DUPLICATE_METHOD_MATCH = YES;
				"CODE_SIGN_IDENTITY[sdk=iphoneos*]" = "iPhone Developer";
				COPY_PHASE_STRIP = NO;
				DEBUG_INFORMATION_FORMAT = "dwarf-with-dsym";
				ENABLE_STRICT_OBJC_MSGSEND = YES;
				GCC_C_LANGUAGE_STANDARD = gnu99;
				GCC_DYNAMIC_NO_PIC = NO;
				GCC_NO_COMMON_BLOCKS = YES;
				GCC_OPTIMIZATION_LEVEL = 0;
				GCC_PREPROCESSOR_DEFINITIONS = (
					"DEBUG=1",
					"$(inherited)",
				);
				GCC_SYMBOLS_PRIVATE_EXTERN = NO;
				GCC_WARN_64_TO_32_BIT_CONVERSION = YES;
				GCC_WARN_ABOUT_RETURN_TYPE = YES_ERROR;
				GCC_WARN_UNDECLARED_SELECTOR = YES;
				GCC_WARN_UNINITIALIZED_AUTOS = YES_AGGRESSIVE;
				GCC_WARN_UNUSED_FUNCTION = YES;
				GCC_WARN_UNUSED_VARIABLE = YES;
				IPHONEOS_DEPLOYMENT_TARGET = 8.3;
				MTL_ENABLE_DEBUG_INFO = YES;
				ONLY_ACTIVE_ARCH = YES;
				SDKROOT = iphoneos;
				SWIFT_OPTIMIZATION_LEVEL = "-Onone";
			};
			name = Debug;
		};
		D466E2551AFF7AA0005187AD /* Release */ = {
			isa = XCBuildConfiguration;
			buildSettings = {
				ALWAYS_SEARCH_USER_PATHS = NO;
				CLANG_CXX_LANGUAGE_STANDARD = "gnu++0x";
				CLANG_CXX_LIBRARY = "libc++";
				CLANG_ENABLE_MODULES = YES;
				CLANG_ENABLE_OBJC_ARC = YES;
				CLANG_WARN_BOOL_CONVERSION = YES;
				CLANG_WARN_CONSTANT_CONVERSION = YES;
				CLANG_WARN_DIRECT_OBJC_ISA_USAGE = YES_ERROR;
				CLANG_WARN_EMPTY_BODY = YES;
				CLANG_WARN_ENUM_CONVERSION = YES;
				CLANG_WARN_INT_CONVERSION = YES;
				CLANG_WARN_OBJC_ROOT_CLASS = YES_ERROR;
				CLANG_WARN_UNREACHABLE_CODE = YES;
				CLANG_WARN__DUPLICATE_METHOD_MATCH = YES;
				"CODE_SIGN_IDENTITY[sdk=iphoneos*]" = "iPhone Developer";
				COPY_PHASE_STRIP = NO;
				DEBUG_INFORMATION_FORMAT = "dwarf-with-dsym";
				ENABLE_NS_ASSERTIONS = NO;
				ENABLE_STRICT_OBJC_MSGSEND = YES;
				GCC_C_LANGUAGE_STANDARD = gnu99;
				GCC_NO_COMMON_BLOCKS = YES;
				GCC_WARN_64_TO_32_BIT_CONVERSION = YES;
				GCC_WARN_ABOUT_RETURN_TYPE = YES_ERROR;
				GCC_WARN_UNDECLARED_SELECTOR = YES;
				GCC_WARN_UNINITIALIZED_AUTOS = YES_AGGRESSIVE;
				GCC_WARN_UNUSED_FUNCTION = YES;
				GCC_WARN_UNUSED_VARIABLE = YES;
				IPHONEOS_DEPLOYMENT_TARGET = 8.3;
				MTL_ENABLE_DEBUG_INFO = NO;
				SDKROOT = iphoneos;
				VALIDATE_PRODUCT = YES;
			};
			name = Release;
		};
		D466E2571AFF7AA0005187AD /* Debug */ = {
			isa = XCBuildConfiguration;
			buildSettings = {
				ASSETCATALOG_COMPILER_APPICON_NAME = AppIcon;
				INFOPLIST_FILE = WhatDay/Info.plist;
				LD_RUNPATH_SEARCH_PATHS = "$(inherited) @executable_path/Frameworks";
				PRODUCT_NAME = "$(TARGET_NAME)";
			};
			name = Debug;
		};
		D466E2581AFF7AA0005187AD /* Release */ = {
			isa = XCBuildConfiguration;
			buildSettings = {
				ASSETCATALOG_COMPILER_APPICON_NAME = AppIcon;
				INFOPLIST_FILE = WhatDay/Info.plist;
				LD_RUNPATH_SEARCH_PATHS = "$(inherited) @executable_path/Frameworks";
				PRODUCT_NAME = "$(TARGET_NAME)";
			};
			name = Release;
		};
		D466E25A1AFF7AA0005187AD /* Debug */ = {
			isa = XCBuildConfiguration;
			buildSettings = {
				BUNDLE_LOADER = "$(TEST_HOST)";
				FRAMEWORK_SEARCH_PATHS = (
					"$(SDKROOT)/Developer/Library/Frameworks",
					"$(inherited)",
				);
				GCC_PREPROCESSOR_DEFINITIONS = (
					"DEBUG=1",
					"$(inherited)",
				);
				INFOPLIST_FILE = WhatDayTests/Info.plist;
				LD_RUNPATH_SEARCH_PATHS = "$(inherited) @executable_path/Frameworks @loader_path/Frameworks";
				PRODUCT_NAME = "$(TARGET_NAME)";
				TEST_HOST = "$(BUILT_PRODUCTS_DIR)/WhatDay.app/WhatDay";
			};
			name = Debug;
		};
		D466E25B1AFF7AA0005187AD /* Release */ = {
			isa = XCBuildConfiguration;
			buildSettings = {
				BUNDLE_LOADER = "$(TEST_HOST)";
				FRAMEWORK_SEARCH_PATHS = (
					"$(SDKROOT)/Developer/Library/Frameworks",
					"$(inherited)",
				);
				INFOPLIST_FILE = WhatDayTests/Info.plist;
				LD_RUNPATH_SEARCH_PATHS = "$(inherited) @executable_path/Frameworks @loader_path/Frameworks";
				PRODUCT_NAME = "$(TARGET_NAME)";
				TEST_HOST = "$(BUILT_PRODUCTS_DIR)/WhatDay.app/WhatDay";
			};
			name = Release;
		};
/* End XCBuildConfiguration section */

/* Begin XCConfigurationList section */
		D466E2321AFF7A9F005187AD /* Build configuration list for PBXProject "WhatDay" */ = {
			isa = XCConfigurationList;
			buildConfigurations = (
				D466E2541AFF7AA0005187AD /* Debug */,
				D466E2551AFF7AA0005187AD /* Release */,
			);
			defaultConfigurationIsVisible = 0;
			defaultConfigurationName = Release;
		};
		D466E2561AFF7AA0005187AD /* Build configuration list for PBXNativeTarget "WhatDay" */ = {
			isa = XCConfigurationList;
			buildConfigurations = (
				D466E2571AFF7AA0005187AD /* Debug */,
				D466E2581AFF7AA0005187AD /* Release */,
			);
			defaultConfigurationIsVisible = 0;
		};
		D466E2591AFF7AA0005187AD /* Build configuration list for PBXNativeTarget "WhatDayTests" */ = {
			isa = XCConfigurationList;
			buildConfigurations = (
				D466E25A1AFF7AA0005187AD /* Debug */,
				D466E25B1AFF7AA0005187AD /* Release */,
			);
			defaultConfigurationIsVisible = 0;
		};
/* End XCConfigurationList section */
	};
	rootObject = D466E22F1AFF7A9F005187AD /* Project object */;
}
